
Microsoft Visual Studio Solution File, Format Version 12.00
# Visual Studio Version 17
VisualStudioVersion = 17.10.34928.147
MinimumVisualStudioVersion = 10.0.40219.1
Project("{FAE04EC0-301F-11D3-BF4B-00C04F79EFBC}") = "kafkaChatConsumer", "kafkaChatConsumer.csproj", "{74E9905F-C6C2-4C5C-B569-52AE2037F54D}"
EndProject
Global
	GlobalSection(SolutionConfigurationPlatforms) = preSolution
		Debug|Any CPU = Debug|Any CPU
		Release|Any CPU = Release|Any CPU
	EndGlobalSection
	GlobalSection(ProjectConfigurationPlatforms) = postSolution
		{74E9905F-C6C2-4C5C-B569-52AE2037F54D}.Debug|Any CPU.ActiveCfg = Debug|Any CPU
		{74E9905F-C6C2-4C5C-B569-52AE2037F54D}.Debug|Any CPU.Build.0 = Debug|Any CPU
		{74E9905F-C6C2-4C5C-B569-52AE2037F54D}.Release|Any CPU.ActiveCfg = Release|Any CPU
		{74E9905F-C6C2-4C5C-B569-52AE2037F54D}.Release|Any CPU.Build.0 = Release|Any CPU
	EndGlobalSection
	GlobalSection(SolutionProperties) = preSolution
		HideSolutionNode = FALSE
	EndGlobalSection
	GlobalSection(ExtensibilityGlobals) = postSolution
		SolutionGuid = {5E50798A-5F2E-4214-99E6-C7FBA32B354B}
	EndGlobalSection
EndGlobal
