
Microsoft Visual Studio Solution File, Format Version 12.00
# Visual Studio Version 17
VisualStudioVersion = 17.10.34928.147
MinimumVisualStudioVersion = 10.0.40219.1
Project("{FAE04EC0-301F-11D3-BF4B-00C04F79EFBC}") = "WebAPI2", "WebAPI2\WebAPI2.csproj", "{7841C692-0D07-4266-B22E-E06155EAEB61}"
EndProject
Global
	GlobalSection(SolutionConfigurationPlatforms) = preSolution
		Debug|Any CPU = Debug|Any CPU
		Release|Any CPU = Release|Any CPU
	EndGlobalSection
	GlobalSection(ProjectConfigurationPlatforms) = postSolution
		{7841C692-0D07-4266-B22E-E06155EAEB61}.Debug|Any CPU.ActiveCfg = Debug|Any CPU
		{7841C692-0D07-4266-B22E-E06155EAEB61}.Debug|Any CPU.Build.0 = Debug|Any CPU
		{7841C692-0D07-4266-B22E-E06155EAEB61}.Release|Any CPU.ActiveCfg = Release|Any CPU
		{7841C692-0D07-4266-B22E-E06155EAEB61}.Release|Any CPU.Build.0 = Release|Any CPU
	EndGlobalSection
	GlobalSection(SolutionProperties) = preSolution
		HideSolutionNode = FALSE
	EndGlobalSection
	GlobalSection(ExtensibilityGlobals) = postSolution
		SolutionGuid = {472E39A6-DFD8-4E01-99F4-B754AE25E1E5}
	EndGlobalSection
EndGlobal
