
Microsoft Visual Studio Solution File, Format Version 12.00
# Visual Studio Version 17
VisualStudioVersion = 17.10.34928.147
MinimumVisualStudioVersion = 10.0.40219.1
Project("{FAE04EC0-301F-11D3-BF4B-00C04F79EFBC}") = "WebAPI5", "WebAPI5\WebAPI5.csproj", "{83B8547D-0692-4C1A-AA84-CA7E27FBC30D}"
EndProject
Global
	GlobalSection(SolutionConfigurationPlatforms) = preSolution
		Debug|Any CPU = Debug|Any CPU
		Release|Any CPU = Release|Any CPU
	EndGlobalSection
	GlobalSection(ProjectConfigurationPlatforms) = postSolution
		{83B8547D-0692-4C1A-AA84-CA7E27FBC30D}.Debug|Any CPU.ActiveCfg = Debug|Any CPU
		{83B8547D-0692-4C1A-AA84-CA7E27FBC30D}.Debug|Any CPU.Build.0 = Debug|Any CPU
		{83B8547D-0692-4C1A-AA84-CA7E27FBC30D}.Release|Any CPU.ActiveCfg = Release|Any CPU
		{83B8547D-0692-4C1A-AA84-CA7E27FBC30D}.Release|Any CPU.Build.0 = Release|Any CPU
	EndGlobalSection
	GlobalSection(SolutionProperties) = preSolution
		HideSolutionNode = FALSE
	EndGlobalSection
	GlobalSection(ExtensibilityGlobals) = postSolution
		SolutionGuid = {BC195855-2864-4D40-9A34-FCEBE440762F}
	EndGlobalSection
EndGlobal
