
Microsoft Visual Studio Solution File, Format Version 12.00
# Visual Studio Version 17
VisualStudioVersion = 17.10.34928.147
MinimumVisualStudioVersion = 10.0.40219.1
Project("{FAE04EC0-301F-11D3-BF4B-00C04F79EFBC}") = "JWTAuthentication", "JWTAuthentication\JWTAuthentication.csproj", "{FAD63DF4-8782-4A62-9470-6DB226D8C441}"
EndProject
Global
	GlobalSection(SolutionConfigurationPlatforms) = preSolution
		Debug|Any CPU = Debug|Any CPU
		Release|Any CPU = Release|Any CPU
	EndGlobalSection
	GlobalSection(ProjectConfigurationPlatforms) = postSolution
		{FAD63DF4-8782-4A62-9470-6DB226D8C441}.Debug|Any CPU.ActiveCfg = Debug|Any CPU
		{FAD63DF4-8782-4A62-9470-6DB226D8C441}.Debug|Any CPU.Build.0 = Debug|Any CPU
		{FAD63DF4-8782-4A62-9470-6DB226D8C441}.Release|Any CPU.ActiveCfg = Release|Any CPU
		{FAD63DF4-8782-4A62-9470-6DB226D8C441}.Release|Any CPU.Build.0 = Release|Any CPU
	EndGlobalSection
	GlobalSection(SolutionProperties) = preSolution
		HideSolutionNode = FALSE
	EndGlobalSection
	GlobalSection(ExtensibilityGlobals) = postSolution
		SolutionGuid = {22B7D906-EDB1-4DB4-A8B6-B04C35667F2C}
	EndGlobalSection
EndGlobal
